
Microsoft Visual Studio Solution File, Format Version 12.00
# Visual Studio Version 17
VisualStudioVersion = 17.7.34221.43
MinimumVisualStudioVersion = 10.0.40219.1
Project("{FAE04EC0-301F-11D3-BF4B-00C04F79EFBC}") = "MaskedTextBox-ornek", "MaskedTextBox-ornek\MaskedTextBox-ornek.csproj", "{27C157A0-23B4-4C55-8761-6CABE1B89A0B}"
EndProject
Global
	GlobalSection(SolutionConfigurationPlatforms) = preSolution
		Debug|Any CPU = Debug|Any CPU
		Release|Any CPU = Release|Any CPU
	EndGlobalSection
	GlobalSection(ProjectConfigurationPlatforms) = postSolution
		{27C157A0-23B4-4C55-8761-6CABE1B89A0B}.Debug|Any CPU.ActiveCfg = Debug|Any CPU
		{27C157A0-23B4-4C55-8761-6CABE1B89A0B}.Debug|Any CPU.Build.0 = Debug|Any CPU
		{27C157A0-23B4-4C55-8761-6CABE1B89A0B}.Release|Any CPU.ActiveCfg = Release|Any CPU
		{27C157A0-23B4-4C55-8761-6CABE1B89A0B}.Release|Any CPU.Build.0 = Release|Any CPU
	EndGlobalSection
	GlobalSection(SolutionProperties) = preSolution
		HideSolutionNode = FALSE
	EndGlobalSection
	GlobalSection(ExtensibilityGlobals) = postSolution
		SolutionGuid = {119B6B75-7634-45E0-B14D-74CEE6EC5C9D}
	EndGlobalSection
EndGlobal
